// !$*UTF8*$!
{
	archiveVersion = 1;
	classes = {
	};
	objectVersion = 46;
	objects = {

/* Begin PBXBuildFile section */
		53970C081A32AB12001E989E /* Bolts.framework in Frameworks */ = {isa = PBXBuildFile; fileRef = 53970C041A32AB12001E989E /* Bolts.framework */; };
		53970C091A32AB12001E989E /* Parse.framework in Frameworks */ = {isa = PBXBuildFile; fileRef = 53970C051A32AB12001E989E /* Parse.framework */; };
		53970C0A1A32AB12001E989E /* ParseFacebookUtils.framework in Frameworks */ = {isa = PBXBuildFile; fileRef = 53970C061A32AB12001E989E /* ParseFacebookUtils.framework */; };
		53970C0E1A32AB53001E989E /* CoreLocation.framework in Frameworks */ = {isa = PBXBuildFile; fileRef = 53970C0D1A32AB53001E989E /* CoreLocation.framework */; };
		53970C101A32AB5F001E989E /* AudioToolbox.framework in Frameworks */ = {isa = PBXBuildFile; fileRef = 53970C0F1A32AB5F001E989E /* AudioToolbox.framework */; };
		53970C121A32AB67001E989E /* CFNetwork.framework in Frameworks */ = {isa = PBXBuildFile; fileRef = 53970C111A32AB67001E989E /* CFNetwork.framework */; };
		53970C141A32AB71001E989E /* CoreGraphics.framework in Frameworks */ = {isa = PBXBuildFile; fileRef = 53970C131A32AB71001E989E /* CoreGraphics.framework */; };
		53970C161A32AB86001E989E /* libz.dylib in Frameworks */ = {isa = PBXBuildFile; fileRef = 53970C151A32AB86001E989E /* libz.dylib */; };
		53970C181A32AB8F001E989E /* MobileCoreServices.framework in Frameworks */ = {isa = PBXBuildFile; fileRef = 53970C171A32AB8F001E989E /* MobileCoreServices.framework */; };
		53970C1A1A32AB96001E989E /* QuartzCore.framework in Frameworks */ = {isa = PBXBuildFile; fileRef = 53970C191A32AB96001E989E /* QuartzCore.framework */; };
		53970C1C1A32AB9F001E989E /* Security.framework in Frameworks */ = {isa = PBXBuildFile; fileRef = 53970C1B1A32AB9F001E989E /* Security.framework */; };
		53970C1E1A32ABA8001E989E /* StoreKit.framework in Frameworks */ = {isa = PBXBuildFile; fileRef = 53970C1D1A32ABA8001E989E /* StoreKit.framework */; };
		53970C201A32ABB2001E989E /* SystemConfiguration.framework in Frameworks */ = {isa = PBXBuildFile; fileRef = 53970C1F1A32ABB2001E989E /* SystemConfiguration.framework */; };
		53970C261A32B688001E989E /* CreateAccountViewController.m in Sources */ = {isa = PBXBuildFile; fileRef = 53970C251A32B688001E989E /* CreateAccountViewController.m */; };
		53970C2C1A334D0E001E989E /* DataListTableViewController.m in Sources */ = {isa = PBXBuildFile; fileRef = 53970C2B1A334D0E001E989E /* DataListTableViewController.m */; };
		53970C301A3351F1001E989E /* ParseUI.framework in Frameworks */ = {isa = PBXBuildFile; fileRef = 53970C071A32AB12001E989E /* ParseUI.framework */; };
		53970C361A3378C9001E989E /* AddDataItemViewController.m in Sources */ = {isa = PBXBuildFile; fileRef = 53970C351A3378C9001E989E /* AddDataItemViewController.m */; };
		53D7293C1A240293004A9823 /* main.m in Sources */ = {isa = PBXBuildFile; fileRef = 53D7293B1A240293004A9823 /* main.m */; };
		53D7293F1A240293004A9823 /* AppDelegate.m in Sources */ = {isa = PBXBuildFile; fileRef = 53D7293E1A240293004A9823 /* AppDelegate.m */; };
		53D729421A240293004A9823 /* LoginViewController.m in Sources */ = {isa = PBXBuildFile; fileRef = 53D729411A240293004A9823 /* LoginViewController.m */; };
		53D729451A240293004A9823 /* Main.storyboard in Resources */ = {isa = PBXBuildFile; fileRef = 53D729431A240293004A9823 /* Main.storyboard */; };
		53D729471A240293004A9823 /* Images.xcassets in Resources */ = {isa = PBXBuildFile; fileRef = 53D729461A240293004A9823 /* Images.xcassets */; };
		53D7294A1A240293004A9823 /* LaunchScreen.xib in Resources */ = {isa = PBXBuildFile; fileRef = 53D729481A240293004A9823 /* LaunchScreen.xib */; };
		53D729561A240293004A9823 /* CrossPlatform_iOSTests.m in Sources */ = {isa = PBXBuildFile; fileRef = 53D729551A240293004A9823 /* CrossPlatform_iOSTests.m */; };
/* End PBXBuildFile section */

/* Begin PBXContainerItemProxy section */
		53D729501A240293004A9823 /* PBXContainerItemProxy */ = {
			isa = PBXContainerItemProxy;
			containerPortal = 53D7292E1A240293004A9823 /* Project object */;
			proxyType = 1;
			remoteGlobalIDString = 53D729351A240293004A9823;
			remoteInfo = CrossPlatform_iOS;
		};
/* End PBXContainerItemProxy section */

/* Begin PBXFileReference section */
		53970C041A32AB12001E989E /* Bolts.framework */ = {isa = PBXFileReference; lastKnownFileType = wrapper.framework; path = Bolts.framework; sourceTree = "<group>"; };
		53970C051A32AB12001E989E /* Parse.framework */ = {isa = PBXFileReference; lastKnownFileType = wrapper.framework; path = Parse.framework; sourceTree = "<group>"; };
		53970C061A32AB12001E989E /* ParseFacebookUtils.framework */ = {isa = PBXFileReference; lastKnownFileType = wrapper.framework; path = ParseFacebookUtils.framework; sourceTree = "<group>"; };
		53970C071A32AB12001E989E /* ParseUI.framework */ = {isa = PBXFileReference; lastKnownFileType = wrapper.framework; path = ParseUI.framework; sourceTree = "<group>"; };
		53970C0D1A32AB53001E989E /* CoreLocation.framework */ = {isa = PBXFileReference; lastKnownFileType = wrapper.framework; name = CoreLocation.framework; path = System/Library/Frameworks/CoreLocation.framework; sourceTree = SDKROOT; };
		53970C0F1A32AB5F001E989E /* AudioToolbox.framework */ = {isa = PBXFileReference; lastKnownFileType = wrapper.framework; name = AudioToolbox.framework; path = System/Library/Frameworks/AudioToolbox.framework; sourceTree = SDKROOT; };
		53970C111A32AB67001E989E /* CFNetwork.framework */ = {isa = PBXFileReference; lastKnownFileType = wrapper.framework; name = CFNetwork.framework; path = System/Library/Frameworks/CFNetwork.framework; sourceTree = SDKROOT; };
		53970C131A32AB71001E989E /* CoreGraphics.framework */ = {isa = PBXFileReference; lastKnownFileType = wrapper.framework; name = CoreGraphics.framework; path = System/Library/Frameworks/CoreGraphics.framework; sourceTree = SDKROOT; };
		53970C151A32AB86001E989E /* libz.dylib */ = {isa = PBXFileReference; lastKnownFileType = "compiled.mach-o.dylib"; name = libz.dylib; path = usr/lib/libz.dylib; sourceTree = SDKROOT; };
		53970C171A32AB8F001E989E /* MobileCoreServices.framework */ = {isa = PBXFileReference; lastKnownFileType = wrapper.framework; name = MobileCoreServices.framework; path = System/Library/Frameworks/MobileCoreServices.framework; sourceTree = SDKROOT; };
		53970C191A32AB96001E989E /* QuartzCore.framework */ = {isa = PBXFileReference; lastKnownFileType = wrapper.framework; name = QuartzCore.framework; path = System/Library/Frameworks/QuartzCore.framework; sourceTree = SDKROOT; };
		53970C1B1A32AB9F001E989E /* Security.framework */ = {isa = PBXFileReference; lastKnownFileType = wrapper.framework; name = Security.framework; path = System/Library/Frameworks/Security.framework; sourceTree = SDKROOT; };
		53970C1D1A32ABA8001E989E /* StoreKit.framework */ = {isa = PBXFileReference; lastKnownFileType = wrapper.framework; name = StoreKit.framework; path = System/Library/Frameworks/StoreKit.framework; sourceTree = SDKROOT; };
		53970C1F1A32ABB2001E989E /* SystemConfiguration.framework */ = {isa = PBXFileReference; lastKnownFileType = wrapper.framework; name = SystemConfiguration.framework; path = System/Library/Frameworks/SystemConfiguration.framework; sourceTree = SDKROOT; };
		53970C241A32B688001E989E /* CreateAccountViewController.h */ = {isa = PBXFileReference; fileEncoding = 4; lastKnownFileType = sourcecode.c.h; path = CreateAccountViewController.h; sourceTree = "<group>"; };
		53970C251A32B688001E989E /* CreateAccountViewController.m */ = {isa = PBXFileReference; fileEncoding = 4; lastKnownFileType = sourcecode.c.objc; path = CreateAccountViewController.m; sourceTree = "<group>"; };
		53970C2A1A334D0E001E989E /* DataListTableViewController.h */ = {isa = PBXFileReference; fileEncoding = 4; lastKnownFileType = sourcecode.c.h; path = DataListTableViewController.h; sourceTree = "<group>"; };
		53970C2B1A334D0E001E989E /* DataListTableViewController.m */ = {isa = PBXFileReference; fileEncoding = 4; lastKnownFileType = sourcecode.c.objc; path = DataListTableViewController.m; sourceTree = "<group>"; };
		53970C341A3378C9001E989E /* AddDataItemViewController.h */ = {isa = PBXFileReference; fileEncoding = 4; lastKnownFileType = sourcecode.c.h; path = AddDataItemViewController.h; sourceTree = "<group>"; };
		53970C351A3378C9001E989E /* AddDataItemViewController.m */ = {isa = PBXFileReference; fileEncoding = 4; lastKnownFileType = sourcecode.c.objc; path = AddDataItemViewController.m; sourceTree = "<group>"; };
		53D729361A240293004A9823 /* CrossPlatform_iOS.app */ = {isa = PBXFileReference; explicitFileType = wrapper.application; includeInIndex = 0; path = CrossPlatform_iOS.app; sourceTree = BUILT_PRODUCTS_DIR; };
		53D7293A1A240293004A9823 /* Info.plist */ = {isa = PBXFileReference; lastKnownFileType = text.plist.xml; path = Info.plist; sourceTree = "<group>"; };
		53D7293B1A240293004A9823 /* main.m */ = {isa = PBXFileReference; lastKnownFileType = sourcecode.c.objc; path = main.m; sourceTree = "<group>"; };
		53D7293D1A240293004A9823 /* AppDelegate.h */ = {isa = PBXFileReference; lastKnownFileType = sourcecode.c.h; path = AppDelegate.h; sourceTree = "<group>"; };
		53D7293E1A240293004A9823 /* AppDelegate.m */ = {isa = PBXFileReference; lastKnownFileType = sourcecode.c.objc; path = AppDelegate.m; sourceTree = "<group>"; };
		53D729401A240293004A9823 /* LoginViewController.h */ = {isa = PBXFileReference; lastKnownFileType = sourcecode.c.h; path = LoginViewController.h; sourceTree = "<group>"; };
		53D729411A240293004A9823 /* LoginViewController.m */ = {isa = PBXFileReference; lastKnownFileType = sourcecode.c.objc; path = LoginViewController.m; sourceTree = "<group>"; };
		53D729441A240293004A9823 /* Base */ = {isa = PBXFileReference; lastKnownFileType = file.storyboard; name = Base; path = Base.lproj/Main.storyboard; sourceTree = "<group>"; };
		53D729461A240293004A9823 /* Images.xcassets */ = {isa = PBXFileReference; lastKnownFileType = folder.assetcatalog; path = Images.xcassets; sourceTree = "<group>"; };
		53D729491A240293004A9823 /* Base */ = {isa = PBXFileReference; lastKnownFileType = file.xib; name = Base; path = Base.lproj/LaunchScreen.xib; sourceTree = "<group>"; };
		53D7294F1A240293004A9823 /* CrossPlatform_iOSTests.xctest */ = {isa = PBXFileReference; explicitFileType = wrapper.cfbundle; includeInIndex = 0; path = CrossPlatform_iOSTests.xctest; sourceTree = BUILT_PRODUCTS_DIR; };
		53D729541A240293004A9823 /* Info.plist */ = {isa = PBXFileReference; lastKnownFileType = text.plist.xml; path = Info.plist; sourceTree = "<group>"; };
		53D729551A240293004A9823 /* CrossPlatform_iOSTests.m */ = {isa = PBXFileReference; lastKnownFileType = sourcecode.c.objc; path = CrossPlatform_iOSTests.m; sourceTree = "<group>"; };
/* End PBXFileReference section */

/* Begin PBXFrameworksBuildPhase section */
		53D729331A240293004A9823 /* Frameworks */ = {
			isa = PBXFrameworksBuildPhase;
			buildActionMask = 2147483647;
			files = (
				53970C201A32ABB2001E989E /* SystemConfiguration.framework in Frameworks */,
				53970C1E1A32ABA8001E989E /* StoreKit.framework in Frameworks */,
				53970C1C1A32AB9F001E989E /* Security.framework in Frameworks */,
				53970C1A1A32AB96001E989E /* QuartzCore.framework in Frameworks */,
				53970C181A32AB8F001E989E /* MobileCoreServices.framework in Frameworks */,
				53970C161A32AB86001E989E /* libz.dylib in Frameworks */,
				53970C0E1A32AB53001E989E /* CoreLocation.framework in Frameworks */,
				53970C141A32AB71001E989E /* CoreGraphics.framework in Frameworks */,
				53970C121A32AB67001E989E /* CFNetwork.framework in Frameworks */,
				53970C101A32AB5F001E989E /* AudioToolbox.framework in Frameworks */,
				53970C091A32AB12001E989E /* Parse.framework in Frameworks */,
				53970C301A3351F1001E989E /* ParseUI.framework in Frameworks */,
				53970C0A1A32AB12001E989E /* ParseFacebookUtils.framework in Frameworks */,
				53970C081A32AB12001E989E /* Bolts.framework in Frameworks */,
			);
			runOnlyForDeploymentPostprocessing = 0;
		};
		53D7294C1A240293004A9823 /* Frameworks */ = {
			isa = PBXFrameworksBuildPhase;
			buildActionMask = 2147483647;
			files = (
			);
			runOnlyForDeploymentPostprocessing = 0;
		};
/* End PBXFrameworksBuildPhase section */

/* Begin PBXGroup section */
		53970C0C1A32AB1B001E989E /* Frameworks */ = {
			isa = PBXGroup;
			children = (
				53970C1F1A32ABB2001E989E /* SystemConfiguration.framework */,
				53970C1D1A32ABA8001E989E /* StoreKit.framework */,
				53970C1B1A32AB9F001E989E /* Security.framework */,
				53970C191A32AB96001E989E /* QuartzCore.framework */,
				53970C171A32AB8F001E989E /* MobileCoreServices.framework */,
				53970C151A32AB86001E989E /* libz.dylib */,
				53970C131A32AB71001E989E /* CoreGraphics.framework */,
				53970C111A32AB67001E989E /* CFNetwork.framework */,
				53970C0F1A32AB5F001E989E /* AudioToolbox.framework */,
				53970C0D1A32AB53001E989E /* CoreLocation.framework */,
				53970C041A32AB12001E989E /* Bolts.framework */,
				53970C051A32AB12001E989E /* Parse.framework */,
				53970C061A32AB12001E989E /* ParseFacebookUtils.framework */,
				53970C071A32AB12001E989E /* ParseUI.framework */,
			);
			name = Frameworks;
			sourceTree = "<group>";
		};
		53D7292D1A240293004A9823 = {
			isa = PBXGroup;
			children = (
				53D729381A240293004A9823 /* CrossPlatform_iOS */,
				53D729521A240293004A9823 /* CrossPlatform_iOSTests */,
				53D729371A240293004A9823 /* Products */,
			);
			sourceTree = "<group>";
		};
		53D729371A240293004A9823 /* Products */ = {
			isa = PBXGroup;
			children = (
				53D729361A240293004A9823 /* CrossPlatform_iOS.app */,
				53D7294F1A240293004A9823 /* CrossPlatform_iOSTests.xctest */,
			);
			name = Products;
			sourceTree = "<group>";
		};
		53D729381A240293004A9823 /* CrossPlatform_iOS */ = {
			isa = PBXGroup;
			children = (
				53970C0C1A32AB1B001E989E /* Frameworks */,
				53D7293D1A240293004A9823 /* AppDelegate.h */,
				53D7293E1A240293004A9823 /* AppDelegate.m */,
				53D729401A240293004A9823 /* LoginViewController.h */,
				53D729411A240293004A9823 /* LoginViewController.m */,
				53970C241A32B688001E989E /* CreateAccountViewController.h */,
				53970C251A32B688001E989E /* CreateAccountViewController.m */,
				53970C2A1A334D0E001E989E /* DataListTableViewController.h */,
				53970C2B1A334D0E001E989E /* DataListTableViewController.m */,
				53970C341A3378C9001E989E /* AddDataItemViewController.h */,
				53970C351A3378C9001E989E /* AddDataItemViewController.m */,
				53D729431A240293004A9823 /* Main.storyboard */,
				53D729461A240293004A9823 /* Images.xcassets */,
				53D729481A240293004A9823 /* LaunchScreen.xib */,
				53D729391A240293004A9823 /* Supporting Files */,
			);
			path = CrossPlatform_iOS;
			sourceTree = "<group>";
		};
		53D729391A240293004A9823 /* Supporting Files */ = {
			isa = PBXGroup;
			children = (
				53D7293A1A240293004A9823 /* Info.plist */,
				53D7293B1A240293004A9823 /* main.m */,
			);
			name = "Supporting Files";
			sourceTree = "<group>";
		};
		53D729521A240293004A9823 /* CrossPlatform_iOSTests */ = {
			isa = PBXGroup;
			children = (
				53D729551A240293004A9823 /* CrossPlatform_iOSTests.m */,
				53D729531A240293004A9823 /* Supporting Files */,
			);
			path = CrossPlatform_iOSTests;
			sourceTree = "<group>";
		};
		53D729531A240293004A9823 /* Supporting Files */ = {
			isa = PBXGroup;
			children = (
				53D729541A240293004A9823 /* Info.plist */,
			);
			name = "Supporting Files";
			sourceTree = "<group>";
		};
/* End PBXGroup section */

/* Begin PBXNativeTarget section */
		53D729351A240293004A9823 /* CrossPlatform_iOS */ = {
			isa = PBXNativeTarget;
			buildConfigurationList = 53D729591A240293004A9823 /* Build configuration list for PBXNativeTarget "CrossPlatform_iOS" */;
			buildPhases = (
				53D729321A240293004A9823 /* Sources */,
				53D729331A240293004A9823 /* Frameworks */,
				53D729341A240293004A9823 /* Resources */,
			);
			buildRules = (
			);
			dependencies = (
			);
			name = CrossPlatform_iOS;
			productName = CrossPlatform_iOS;
			productReference = 53D729361A240293004A9823 /* CrossPlatform_iOS.app */;
			productType = "com.apple.product-type.application";
		};
		53D7294E1A240293004A9823 /* CrossPlatform_iOSTests */ = {
			isa = PBXNativeTarget;
			buildConfigurationList = 53D7295C1A240293004A9823 /* Build configuration list for PBXNativeTarget "CrossPlatform_iOSTests" */;
			buildPhases = (
				53D7294B1A240293004A9823 /* Sources */,
				53D7294C1A240293004A9823 /* Frameworks */,
				53D7294D1A240293004A9823 /* Resources */,
			);
			buildRules = (
			);
			dependencies = (
				53D729511A240293004A9823 /* PBXTargetDependency */,
			);
			name = CrossPlatform_iOSTests;
			productName = CrossPlatform_iOSTests;
			productReference = 53D7294F1A240293004A9823 /* CrossPlatform_iOSTests.xctest */;
			productType = "com.apple.product-type.bundle.unit-test";
		};
/* End PBXNativeTarget section */

/* Begin PBXProject section */
		53D7292E1A240293004A9823 /* Project object */ = {
			isa = PBXProject;
			attributes = {
				LastUpgradeCheck = 0610;
				ORGANIZATIONNAME = medelnant;
				TargetAttributes = {
					53D729351A240293004A9823 = {
						CreatedOnToolsVersion = 6.1;
					};
					53D7294E1A240293004A9823 = {
						CreatedOnToolsVersion = 6.1;
						TestTargetID = 53D729351A240293004A9823;
					};
				};
			};
			buildConfigurationList = 53D729311A240293004A9823 /* Build configuration list for PBXProject "CrossPlatform_iOS" */;
			compatibilityVersion = "Xcode 3.2";
			developmentRegion = English;
			hasScannedForEncodings = 0;
			knownRegions = (
				en,
				Base,
			);
			mainGroup = 53D7292D1A240293004A9823;
			productRefGroup = 53D729371A240293004A9823 /* Products */;
			projectDirPath = "";
			projectRoot = "";
			targets = (
				53D729351A240293004A9823 /* CrossPlatform_iOS */,
				53D7294E1A240293004A9823 /* CrossPlatform_iOSTests */,
			);
		};
/* End PBXProject section */

/* Begin PBXResourcesBuildPhase section */
		53D729341A240293004A9823 /* Resources */ = {
			isa = PBXResourcesBuildPhase;
			buildActionMask = 2147483647;
			files = (
				53D729451A240293004A9823 /* Main.storyboard in Resources */,
				53D7294A1A240293004A9823 /* LaunchScreen.xib in Resources */,
				53D729471A240293004A9823 /* Images.xcassets in Resources */,
			);
			runOnlyForDeploymentPostprocessing = 0;
		};
		53D7294D1A240293004A9823 /* Resources */ = {
			isa = PBXResourcesBuildPhase;
			buildActionMask = 2147483647;
			files = (
			);
			runOnlyForDeploymentPostprocessing = 0;
		};
/* End PBXResourcesBuildPhase section */

/* Begin PBXSourcesBuildPhase section */
		53D729321A240293004A9823 /* Sources */ = {
			isa = PBXSourcesBuildPhase;
			buildActionMask = 2147483647;
			files = (
				53970C261A32B688001E989E /* CreateAccountViewController.m in Sources */,
				53970C361A3378C9001E989E /* AddDataItemViewController.m in Sources */,
				53D729421A240293004A9823 /* LoginViewController.m in Sources */,
				53970C2C1A334D0E001E989E /* DataListTableViewController.m in Sources */,
				53D7293F1A240293004A9823 /* AppDelegate.m in Sources */,
				53D7293C1A240293004A9823 /* main.m in Sources */,
			);
			runOnlyForDeploymentPostprocessing = 0;
		};
		53D7294B1A240293004A9823 /* Sources */ = {
			isa = PBXSourcesBuildPhase;
			buildActionMask = 2147483647;
			files = (
				53D729561A240293004A9823 /* CrossPlatform_iOSTests.m in Sources */,
			);
			runOnlyForDeploymentPostprocessing = 0;
		};
/* End PBXSourcesBuildPhase section */

/* Begin PBXTargetDependency section */
		53D729511A240293004A9823 /* PBXTargetDependency */ = {
			isa = PBXTargetDependency;
			target = 53D729351A240293004A9823 /* CrossPlatform_iOS */;
			targetProxy = 53D729501A240293004A9823 /* PBXContainerItemProxy */;
		};
/* End PBXTargetDependency section */

/* Begin PBXVariantGroup section */
		53D729431A240293004A9823 /* Main.storyboard */ = {
			isa = PBXVariantGroup;
			children = (
				53D729441A240293004A9823 /* Base */,
			);
			name = Main.storyboard;
			sourceTree = "<group>";
		};
		53D729481A240293004A9823 /* LaunchScreen.xib */ = {
			isa = PBXVariantGroup;
			children = (
				53D729491A240293004A9823 /* Base */,
			);
			name = LaunchScreen.xib;
			sourceTree = "<group>";
		};
/* End PBXVariantGroup section */

/* Begin XCBuildConfiguration section */
		53D729571A240293004A9823 /* Debug */ = {
			isa = XCBuildConfiguration;
			buildSettings = {
				ALWAYS_SEARCH_USER_PATHS = NO;
				CLANG_CXX_LANGUAGE_STANDARD = "gnu++0x";
				CLANG_CXX_LIBRARY = "libc++";
				CLANG_ENABLE_MODULES = YES;
				CLANG_ENABLE_OBJC_ARC = YES;
				CLANG_WARN_BOOL_CONVERSION = YES;
				CLANG_WARN_CONSTANT_CONVERSION = YES;
				CLANG_WARN_DIRECT_OBJC_ISA_USAGE = YES_ERROR;
				CLANG_WARN_EMPTY_BODY = YES;
				CLANG_WARN_ENUM_CONVERSION = YES;
				CLANG_WARN_INT_CONVERSION = YES;
				CLANG_WARN_OBJC_ROOT_CLASS = YES_ERROR;
				CLANG_WARN_UNREACHABLE_CODE = YES;
				CLANG_WARN__DUPLICATE_METHOD_MATCH = YES;
				"CODE_SIGN_IDENTITY[sdk=iphoneos*]" = "iPhone Developer";
				COPY_PHASE_STRIP = NO;
				ENABLE_STRICT_OBJC_MSGSEND = YES;
				GCC_C_LANGUAGE_STANDARD = gnu99;
				GCC_DYNAMIC_NO_PIC = NO;
				GCC_OPTIMIZATION_LEVEL = 0;
				GCC_PREPROCESSOR_DEFINITIONS = (
					"DEBUG=1",
					"$(inherited)",
				);
				GCC_SYMBOLS_PRIVATE_EXTERN = NO;
				GCC_WARN_64_TO_32_BIT_CONVERSION = YES;
				GCC_WARN_ABOUT_RETURN_TYPE = YES_ERROR;
				GCC_WARN_UNDECLARED_SELECTOR = YES;
				GCC_WARN_UNINITIALIZED_AUTOS = YES_AGGRESSIVE;
				GCC_WARN_UNUSED_FUNCTION = YES;
				GCC_WARN_UNUSED_VARIABLE = YES;
				IPHONEOS_DEPLOYMENT_TARGET = 8.1;
				MTL_ENABLE_DEBUG_INFO = YES;
				ONLY_ACTIVE_ARCH = YES;
				SDKROOT = iphoneos;
			};
			name = Debug;
		};
		53D729581A240293004A9823 /* Release */ = {
			isa = XCBuildConfiguration;
			buildSettings = {
				ALWAYS_SEARCH_USER_PATHS = NO;
				CLANG_CXX_LANGUAGE_STANDARD = "gnu++0x";
				CLANG_CXX_LIBRARY = "libc++";
				CLANG_ENABLE_MODULES = YES;
				CLANG_ENABLE_OBJC_ARC = YES;
				CLANG_WARN_BOOL_CONVERSION = YES;
				CLANG_WARN_CONSTANT_CONVERSION = YES;
				CLANG_WARN_DIRECT_OBJC_ISA_USAGE = YES_ERROR;
				CLANG_WARN_EMPTY_BODY = YES;
				CLANG_WARN_ENUM_CONVERSION = YES;
				CLANG_WARN_INT_CONVERSION = YES;
				CLANG_WARN_OBJC_ROOT_CLASS = YES_ERROR;
				CLANG_WARN_UNREACHABLE_CODE = YES;
				CLANG_WARN__DUPLICATE_METHOD_MATCH = YES;
				"CODE_SIGN_IDENTITY[sdk=iphoneos*]" = "iPhone Developer";
				COPY_PHASE_STRIP = YES;
				ENABLE_NS_ASSERTIONS = NO;
				ENABLE_STRICT_OBJC_MSGSEND = YES;
				GCC_C_LANGUAGE_STANDARD = gnu99;
				GCC_WARN_64_TO_32_BIT_CONVERSION = YES;
				GCC_WARN_ABOUT_RETURN_TYPE = YES_ERROR;
				GCC_WARN_UNDECLARED_SELECTOR = YES;
				GCC_WARN_UNINITIALIZED_AUTOS = YES_AGGRESSIVE;
				GCC_WARN_UNUSED_FUNCTION = YES;
				GCC_WARN_UNUSED_VARIABLE = YES;
				IPHONEOS_DEPLOYMENT_TARGET = 8.1;
				MTL_ENABLE_DEBUG_INFO = NO;
				SDKROOT = iphoneos;
				VALIDATE_PRODUCT = YES;
			};
			name = Release;
		};
		53D7295A1A240293004A9823 /* Debug */ = {
			isa = XCBuildConfiguration;
			buildSettings = {
				ASSETCATALOG_COMPILER_APPICON_NAME = AppIcon;
				FRAMEWORK_SEARCH_PATHS = (
					"$(inherited)",
					"$(PROJECT_DIR)/CrossPlatform_iOS",
				);
				INFOPLIST_FILE = CrossPlatform_iOS/Info.plist;
				LD_RUNPATH_SEARCH_PATHS = "$(inherited) @executable_path/Frameworks";
				PRODUCT_NAME = "$(TARGET_NAME)";
			};
			name = Debug;
		};
		53D7295B1A240293004A9823 /* Release */ = {
			isa = XCBuildConfiguration;
			buildSettings = {
				ASSETCATALOG_COMPILER_APPICON_NAME = AppIcon;
				FRAMEWORK_SEARCH_PATHS = (
					"$(inherited)",
					"$(PROJECT_DIR)/CrossPlatform_iOS",
				);
				INFOPLIST_FILE = CrossPlatform_iOS/Info.plist;
				LD_RUNPATH_SEARCH_PATHS = "$(inherited) @executable_path/Frameworks";
				PRODUCT_NAME = "$(TARGET_NAME)";
			};
			name = Release;
		};
		53D7295D1A240293004A9823 /* Debug */ = {
			isa = XCBuildConfiguration;
			buildSettings = {
				BUNDLE_LOADER = "$(TEST_HOST)";
				FRAMEWORK_SEARCH_PATHS = (
					"$(SDKROOT)/Developer/Library/Frameworks",
					"$(inherited)",
				);
				GCC_PREPROCESSOR_DEFINITIONS = (
					"DEBUG=1",
					"$(inherited)",
				);
				INFOPLIST_FILE = CrossPlatform_iOSTests/Info.plist;
				LD_RUNPATH_SEARCH_PATHS = "$(inherited) @executable_path/Frameworks @loader_path/Frameworks";
				PRODUCT_NAME = "$(TARGET_NAME)";
				TEST_HOST = "$(BUILT_PRODUCTS_DIR)/CrossPlatform_iOS.app/CrossPlatform_iOS";
			};
			name = Debug;
		};
		53D7295E1A240293004A9823 /* Release */ = {
			isa = XCBuildConfiguration;
			buildSettings = {
				BUNDLE_LOADER = "$(TEST_HOST)";
				FRAMEWORK_SEARCH_PATHS = (
					"$(SDKROOT)/Developer/Library/Frameworks",
					"$(inherited)",
				);
				INFOPLIST_FILE = CrossPlatform_iOSTests/Info.plist;
				LD_RUNPATH_SEARCH_PATHS = "$(inherited) @executable_path/Frameworks @loader_path/Frameworks";
				PRODUCT_NAME = "$(TARGET_NAME)";
				TEST_HOST = "$(BUILT_PRODUCTS_DIR)/CrossPlatform_iOS.app/CrossPlatform_iOS";
			};
			name = Release;
		};
/* End XCBuildConfiguration section */

/* Begin XCConfigurationList section */
		53D729311A240293004A9823 /* Build configuration list for PBXProject "CrossPlatform_iOS" */ = {
			isa = XCConfigurationList;
			buildConfigurations = (
				53D729571A240293004A9823 /* Debug */,
				53D729581A240293004A9823 /* Release */,
			);
			defaultConfigurationIsVisible = 0;
			defaultConfigurationName = Release;
		};
		53D729591A240293004A9823 /* Build configuration list for PBXNativeTarget "CrossPlatform_iOS" */ = {
			isa = XCConfigurationList;
			buildConfigurations = (
				53D7295A1A240293004A9823 /* Debug */,
				53D7295B1A240293004A9823 /* Release */,
			);
			defaultConfigurationIsVisible = 0;
			defaultConfigurationName = Release;
		};
		53D7295C1A240293004A9823 /* Build configuration list for PBXNativeTarget "CrossPlatform_iOSTests" */ = {
			isa = XCConfigurationList;
			buildConfigurations = (
				53D7295D1A240293004A9823 /* Debug */,
				53D7295E1A240293004A9823 /* Release */,
			);
			defaultConfigurationIsVisible = 0;
			defaultConfigurationName = Release;
		};
/* End XCConfigurationList section */
	};
	rootObject = 53D7292E1A240293004A9823 /* Project object */;
}
